
Microsoft Visual Studio Solution File, Format Version 12.00
# Visual Studio Version 16
VisualStudioVersion = 16.0.31729.503
MinimumVisualStudioVersion = 10.0.40219.1
Project("{FAE04EC0-301F-11D3-BF4B-00C04F79EFBC}") = "WebsiteUpdater", "WebsiteUpdater.csproj", "{0C86A154-07C9-49C6-8550-52FE92E81454}"
EndProject
Global
	GlobalSection(SolutionConfigurationPlatforms) = preSolution
		Debug|Any CPU = Debug|Any CPU
		Release|Any CPU = Release|Any CPU
	EndGlobalSection
	GlobalSection(ProjectConfigurationPlatforms) = postSolution
		{0C86A154-07C9-49C6-8550-52FE92E81454}.Debug|Any CPU.ActiveCfg = Debug|Any CPU
		{0C86A154-07C9-49C6-8550-52FE92E81454}.Debug|Any CPU.Build.0 = Debug|Any CPU
		{0C86A154-07C9-49C6-8550-52FE92E81454}.Release|Any CPU.ActiveCfg = Release|Any CPU
		{0C86A154-07C9-49C6-8550-52FE92E81454}.Release|Any CPU.Build.0 = Release|Any CPU
	EndGlobalSection
	GlobalSection(SolutionProperties) = preSolution
		HideSolutionNode = FALSE
	EndGlobalSection
	GlobalSection(ExtensibilityGlobals) = postSolution
		SolutionGuid = {2B1AE804-0470-421A-9BE1-780A8E4B97E4}
	EndGlobalSection
EndGlobal
